
Microsoft Visual Studio Solution File, Format Version 12.00
# Visual Studio 15
VisualStudioVersion = 15.0.27428.2037
MinimumVisualStudioVersion = 10.0.40219.1
Project("{FAE04EC0-301F-11D3-BF4B-00C04F79EFBC}") = "GuardID.Android", "GuardID\GuardID.Android\GuardID.Android.csproj", "{8A45C37E-9589-470A-8AF9-3AD71E6D471D}"
EndProject
Project("{FAE04EC0-301F-11D3-BF4B-00C04F79EFBC}") = "GuardID.iOS", "GuardID\GuardID.iOS\GuardID.iOS.csproj", "{7D8F249B-6D87-4C6B-B4D3-FDDAA53855B9}"
EndProject
Project("{FAE04EC0-301F-11D3-BF4B-00C04F79EFBC}") = "GuardID.UWP", "GuardID\GuardID.UWP\GuardID.UWP.csproj", "{804F3F6B-76DE-4E77-B378-A9E758A5A24A}"
EndProject
Project("{9A19103F-16F7-4668-BE54-9A1E7A4F7556}") = "GuardID", "GuardID\GuardID\GuardID.csproj", "{E06493B0-70A5-4B49-888F-7E8D97B18325}"
EndProject
Project("{2150E333-8FDC-42A3-9474-1A3956D46DE8}") = "Classes", "Classes", "{7DDF3155-D3A2-4DAC-806B-B7AB7704C1D4}"
EndProject
Project("{FAE04EC0-301F-11D3-BF4B-00C04F79EFBC}") = "Uteis", "GuardID\Classes\Uteis\Uteis.csproj", "{469A3BA4-CCBE-4786-B078-50220FCC776E}"
EndProject
Project("{FAE04EC0-301F-11D3-BF4B-00C04F79EFBC}") = "Conexoes", "GuardID\Classes\Dal\Conexoes.csproj", "{66B4676B-9BD7-475E-8B26-F4E1866F67CD}"
EndProject
Project("{FAE04EC0-301F-11D3-BF4B-00C04F79EFBC}") = "Autenticacoes", "GuardID\Classes\Autenticacao\Autenticacoes.csproj", "{38E2BD9B-E4E3-4D5D-B530-6FABD6D0078C}"
EndProject
Global
	GlobalSection(SolutionConfigurationPlatforms) = preSolution
		Ad-Hoc|Any CPU = Ad-Hoc|Any CPU
		Ad-Hoc|ARM = Ad-Hoc|ARM
		Ad-Hoc|iPhone = Ad-Hoc|iPhone
		Ad-Hoc|iPhoneSimulator = Ad-Hoc|iPhoneSimulator
		Ad-Hoc|x64 = Ad-Hoc|x64
		Ad-Hoc|x86 = Ad-Hoc|x86
		AppStore|Any CPU = AppStore|Any CPU
		AppStore|ARM = AppStore|ARM
		AppStore|iPhone = AppStore|iPhone
		AppStore|iPhoneSimulator = AppStore|iPhoneSimulator
		AppStore|x64 = AppStore|x64
		AppStore|x86 = AppStore|x86
		Debug|Any CPU = Debug|Any CPU
		Debug|ARM = Debug|ARM
		Debug|iPhone = Debug|iPhone
		Debug|iPhoneSimulator = Debug|iPhoneSimulator
		Debug|x64 = Debug|x64
		Debug|x86 = Debug|x86
		Release|Any CPU = Release|Any CPU
		Release|ARM = Release|ARM
		Release|iPhone = Release|iPhone
		Release|iPhoneSimulator = Release|iPhoneSimulator
		Release|x64 = Release|x64
		Release|x86 = Release|x86
	EndGlobalSection
	GlobalSection(ProjectConfigurationPlatforms) = postSolution
		{8A45C37E-9589-470A-8AF9-3AD71E6D471D}.Ad-Hoc|Any CPU.ActiveCfg = Release|Any CPU
		{8A45C37E-9589-470A-8AF9-3AD71E6D471D}.Ad-Hoc|Any CPU.Build.0 = Release|Any CPU
		{8A45C37E-9589-470A-8AF9-3AD71E6D471D}.Ad-Hoc|Any CPU.Deploy.0 = Release|Any CPU
		{8A45C37E-9589-470A-8AF9-3AD71E6D471D}.Ad-Hoc|ARM.ActiveCfg = Release|Any CPU
		{8A45C37E-9589-470A-8AF9-3AD71E6D471D}.Ad-Hoc|ARM.Build.0 = Release|Any CPU
		{8A45C37E-9589-470A-8AF9-3AD71E6D471D}.Ad-Hoc|ARM.Deploy.0 = Release|Any CPU
		{8A45C37E-9589-470A-8AF9-3AD71E6D471D}.Ad-Hoc|iPhone.ActiveCfg = Release|Any CPU
		{8A45C37E-9589-470A-8AF9-3AD71E6D471D}.Ad-Hoc|iPhone.Build.0 = Release|Any CPU
		{8A45C37E-9589-470A-8AF9-3AD71E6D471D}.Ad-Hoc|iPhone.Deploy.0 = Release|Any CPU
		{8A45C37E-9589-470A-8AF9-3AD71E6D471D}.Ad-Hoc|iPhoneSimulator.ActiveCfg = Release|Any CPU
		{8A45C37E-9589-470A-8AF9-3AD71E6D471D}.Ad-Hoc|iPhoneSimulator.Build.0 = Release|Any CPU
		{8A45C37E-9589-470A-8AF9-3AD71E6D471D}.Ad-Hoc|iPhoneSimulator.Deploy.0 = Release|Any CPU
		{8A45C37E-9589-470A-8AF9-3AD71E6D471D}.Ad-Hoc|x64.ActiveCfg = Release|Any CPU
		{8A45C37E-9589-470A-8AF9-3AD71E6D471D}.Ad-Hoc|x64.Build.0 = Release|Any CPU
		{8A45C37E-9589-470A-8AF9-3AD71E6D471D}.Ad-Hoc|x64.Deploy.0 = Release|Any CPU
		{8A45C37E-9589-470A-8AF9-3AD71E6D471D}.Ad-Hoc|x86.ActiveCfg = Release|Any CPU
		{8A45C37E-9589-470A-8AF9-3AD71E6D471D}.Ad-Hoc|x86.Build.0 = Release|Any CPU
		{8A45C37E-9589-470A-8AF9-3AD71E6D471D}.Ad-Hoc|x86.Deploy.0 = Release|Any CPU
		{8A45C37E-9589-470A-8AF9-3AD71E6D471D}.AppStore|Any CPU.ActiveCfg = Release|Any CPU
		{8A45C37E-9589-470A-8AF9-3AD71E6D471D}.AppStore|Any CPU.Build.0 = Release|Any CPU
		{8A45C37E-9589-470A-8AF9-3AD71E6D471D}.AppStore|Any CPU.Deploy.0 = Release|Any CPU
		{8A45C37E-9589-470A-8AF9-3AD71E6D471D}.AppStore|ARM.ActiveCfg = Release|Any CPU
		{8A45C37E-9589-470A-8AF9-3AD71E6D471D}.AppStore|ARM.Build.0 = Release|Any CPU
		{8A45C37E-9589-470A-8AF9-3AD71E6D471D}.AppStore|ARM.Deploy.0 = Release|Any CPU
		{8A45C37E-9589-470A-8AF9-3AD71E6D471D}.AppStore|iPhone.ActiveCfg = Release|Any CPU
		{8A45C37E-9589-470A-8AF9-3AD71E6D471D}.AppStore|iPhone.Build.0 = Release|Any CPU
		{8A45C37E-9589-470A-8AF9-3AD71E6D471D}.AppStore|iPhone.Deploy.0 = Release|Any CPU
		{8A45C37E-9589-470A-8AF9-3AD71E6D471D}.AppStore|iPhoneSimulator.ActiveCfg = Release|Any CPU
		{8A45C37E-9589-470A-8AF9-3AD71E6D471D}.AppStore|iPhoneSimulator.Build.0 = Release|Any CPU
		{8A45C37E-9589-470A-8AF9-3AD71E6D471D}.AppStore|iPhoneSimulator.Deploy.0 = Release|Any CPU
		{8A45C37E-9589-470A-8AF9-3AD71E6D471D}.AppStore|x64.ActiveCfg = Release|Any CPU
		{8A45C37E-9589-470A-8AF9-3AD71E6D471D}.AppStore|x64.Build.0 = Release|Any CPU
		{8A45C37E-9589-470A-8AF9-3AD71E6D471D}.AppStore|x64.Deploy.0 = Release|Any CPU
		{8A45C37E-9589-470A-8AF9-3AD71E6D471D}.AppStore|x86.ActiveCfg = Release|Any CPU
		{8A45C37E-9589-470A-8AF9-3AD71E6D471D}.AppStore|x86.Build.0 = Release|Any CPU
		{8A45C37E-9589-470A-8AF9-3AD71E6D471D}.AppStore|x86.Deploy.0 = Release|Any CPU
		{8A45C37E-9589-470A-8AF9-3AD71E6D471D}.Debug|Any CPU.ActiveCfg = Debug|Any CPU
		{8A45C37E-9589-470A-8AF9-3AD71E6D471D}.Debug|Any CPU.Build.0 = Debug|Any CPU
		{8A45C37E-9589-470A-8AF9-3AD71E6D471D}.Debug|Any CPU.Deploy.0 = Debug|Any CPU
		{8A45C37E-9589-470A-8AF9-3AD71E6D471D}.Debug|ARM.ActiveCfg = Debug|Any CPU
		{8A45C37E-9589-470A-8AF9-3AD71E6D471D}.Debug|ARM.Build.0 = Debug|Any CPU
		{8A45C37E-9589-470A-8AF9-3AD71E6D471D}.Debug|ARM.Deploy.0 = Debug|Any CPU
		{8A45C37E-9589-470A-8AF9-3AD71E6D471D}.Debug|iPhone.ActiveCfg = Debug|Any CPU
		{8A45C37E-9589-470A-8AF9-3AD71E6D471D}.Debug|iPhone.Build.0 = Debug|Any CPU
		{8A45C37E-9589-470A-8AF9-3AD71E6D471D}.Debug|iPhone.Deploy.0 = Debug|Any CPU
		{8A45C37E-9589-470A-8AF9-3AD71E6D471D}.Debug|iPhoneSimulator.ActiveCfg = Debug|Any CPU
		{8A45C37E-9589-470A-8AF9-3AD71E6D471D}.Debug|iPhoneSimulator.Build.0 = Debug|Any CPU
		{8A45C37E-9589-470A-8AF9-3AD71E6D471D}.Debug|iPhoneSimulator.Deploy.0 = Debug|Any CPU
		{8A45C37E-9589-470A-8AF9-3AD71E6D471D}.Debug|x64.ActiveCfg = Debug|Any CPU
		{8A45C37E-9589-470A-8AF9-3AD71E6D471D}.Debug|x64.Build.0 = Debug|Any CPU
		{8A45C37E-9589-470A-8AF9-3AD71E6D471D}.Debug|x64.Deploy.0 = Debug|Any CPU
		{8A45C37E-9589-470A-8AF9-3AD71E6D471D}.Debug|x86.ActiveCfg = Debug|Any CPU
		{8A45C37E-9589-470A-8AF9-3AD71E6D471D}.Debug|x86.Build.0 = Debug|Any CPU
		{8A45C37E-9589-470A-8AF9-3AD71E6D471D}.Debug|x86.Deploy.0 = Debug|Any CPU
		{8A45C37E-9589-470A-8AF9-3AD71E6D471D}.Release|Any CPU.ActiveCfg = Release|Any CPU
		{8A45C37E-9589-470A-8AF9-3AD71E6D471D}.Release|Any CPU.Build.0 = Release|Any CPU
		{8A45C37E-9589-470A-8AF9-3AD71E6D471D}.Release|Any CPU.Deploy.0 = Release|Any CPU
		{8A45C37E-9589-470A-8AF9-3AD71E6D471D}.Release|ARM.ActiveCfg = Release|Any CPU
		{8A45C37E-9589-470A-8AF9-3AD71E6D471D}.Release|ARM.Build.0 = Release|Any CPU
		{8A45C37E-9589-470A-8AF9-3AD71E6D471D}.Release|ARM.Deploy.0 = Release|Any CPU
		{8A45C37E-9589-470A-8AF9-3AD71E6D471D}.Release|iPhone.ActiveCfg = Release|Any CPU
		{8A45C37E-9589-470A-8AF9-3AD71E6D471D}.Release|iPhone.Build.0 = Release|Any CPU
		{8A45C37E-9589-470A-8AF9-3AD71E6D471D}.Release|iPhone.Deploy.0 = Release|Any CPU
		{8A45C37E-9589-470A-8AF9-3AD71E6D471D}.Release|iPhoneSimulator.ActiveCfg = Release|Any CPU
		{8A45C37E-9589-470A-8AF9-3AD71E6D471D}.Release|iPhoneSimulator.Build.0 = Release|Any CPU
		{8A45C37E-9589-470A-8AF9-3AD71E6D471D}.Release|iPhoneSimulator.Deploy.0 = Release|Any CPU
		{8A45C37E-9589-470A-8AF9-3AD71E6D471D}.Release|x64.ActiveCfg = Release|Any CPU
		{8A45C37E-9589-470A-8AF9-3AD71E6D471D}.Release|x64.Build.0 = Release|Any CPU
		{8A45C37E-9589-470A-8AF9-3AD71E6D471D}.Release|x64.Deploy.0 = Release|Any CPU
		{8A45C37E-9589-470A-8AF9-3AD71E6D471D}.Release|x86.ActiveCfg = Release|Any CPU
		{8A45C37E-9589-470A-8AF9-3AD71E6D471D}.Release|x86.Build.0 = Release|Any CPU
		{8A45C37E-9589-470A-8AF9-3AD71E6D471D}.Release|x86.Deploy.0 = Release|Any CPU
		{7D8F249B-6D87-4C6B-B4D3-FDDAA53855B9}.Ad-Hoc|Any CPU.ActiveCfg = Ad-Hoc|iPhone
		{7D8F249B-6D87-4C6B-B4D3-FDDAA53855B9}.Ad-Hoc|ARM.ActiveCfg = Ad-Hoc|iPhone
		{7D8F249B-6D87-4C6B-B4D3-FDDAA53855B9}.Ad-Hoc|iPhone.ActiveCfg = Ad-Hoc|iPhone
		{7D8F249B-6D87-4C6B-B4D3-FDDAA53855B9}.Ad-Hoc|iPhone.Build.0 = Ad-Hoc|iPhone
		{7D8F249B-6D87-4C6B-B4D3-FDDAA53855B9}.Ad-Hoc|iPhoneSimulator.ActiveCfg = Ad-Hoc|iPhoneSimulator
		{7D8F249B-6D87-4C6B-B4D3-FDDAA53855B9}.Ad-Hoc|iPhoneSimulator.Build.0 = Ad-Hoc|iPhoneSimulator
		{7D8F249B-6D87-4C6B-B4D3-FDDAA53855B9}.Ad-Hoc|x64.ActiveCfg = Ad-Hoc|iPhone
		{7D8F249B-6D87-4C6B-B4D3-FDDAA53855B9}.Ad-Hoc|x86.ActiveCfg = Ad-Hoc|iPhone
		{7D8F249B-6D87-4C6B-B4D3-FDDAA53855B9}.AppStore|Any CPU.ActiveCfg = AppStore|iPhone
		{7D8F249B-6D87-4C6B-B4D3-FDDAA53855B9}.AppStore|ARM.ActiveCfg = AppStore|iPhone
		{7D8F249B-6D87-4C6B-B4D3-FDDAA53855B9}.AppStore|iPhone.ActiveCfg = AppStore|iPhone
		{7D8F249B-6D87-4C6B-B4D3-FDDAA53855B9}.AppStore|iPhone.Build.0 = AppStore|iPhone
		{7D8F249B-6D87-4C6B-B4D3-FDDAA53855B9}.AppStore|iPhoneSimulator.ActiveCfg = AppStore|iPhoneSimulator
		{7D8F249B-6D87-4C6B-B4D3-FDDAA53855B9}.AppStore|iPhoneSimulator.Build.0 = AppStore|iPhoneSimulator
		{7D8F249B-6D87-4C6B-B4D3-FDDAA53855B9}.AppStore|x64.ActiveCfg = AppStore|iPhone
		{7D8F249B-6D87-4C6B-B4D3-FDDAA53855B9}.AppStore|x86.ActiveCfg = AppStore|iPhone
		{7D8F249B-6D87-4C6B-B4D3-FDDAA53855B9}.Debug|Any CPU.ActiveCfg = Debug|iPhone
		{7D8F249B-6D87-4C6B-B4D3-FDDAA53855B9}.Debug|ARM.ActiveCfg = Debug|iPhone
		{7D8F249B-6D87-4C6B-B4D3-FDDAA53855B9}.Debug|iPhone.ActiveCfg = Debug|iPhone
		{7D8F249B-6D87-4C6B-B4D3-FDDAA53855B9}.Debug|iPhone.Build.0 = Debug|iPhone
		{7D8F249B-6D87-4C6B-B4D3-FDDAA53855B9}.Debug|iPhoneSimulator.ActiveCfg = Debug|iPhoneSimulator
		{7D8F249B-6D87-4C6B-B4D3-FDDAA53855B9}.Debug|iPhoneSimulator.Build.0 = Debug|iPhoneSimulator
		{7D8F249B-6D87-4C6B-B4D3-FDDAA53855B9}.Debug|x64.ActiveCfg = Debug|iPhone
		{7D8F249B-6D87-4C6B-B4D3-FDDAA53855B9}.Debug|x86.ActiveCfg = Debug|iPhone
		{7D8F249B-6D87-4C6B-B4D3-FDDAA53855B9}.Release|Any CPU.ActiveCfg = Release|iPhone
		{7D8F249B-6D87-4C6B-B4D3-FDDAA53855B9}.Release|ARM.ActiveCfg = Release|iPhone
		{7D8F249B-6D87-4C6B-B4D3-FDDAA53855B9}.Release|iPhone.ActiveCfg = Release|iPhone
		{7D8F249B-6D87-4C6B-B4D3-FDDAA53855B9}.Release|iPhone.Build.0 = Release|iPhone
		{7D8F249B-6D87-4C6B-B4D3-FDDAA53855B9}.Release|iPhoneSimulator.ActiveCfg = Release|iPhoneSimulator
		{7D8F249B-6D87-4C6B-B4D3-FDDAA53855B9}.Release|iPhoneSimulator.Build.0 = Release|iPhoneSimulator
		{7D8F249B-6D87-4C6B-B4D3-FDDAA53855B9}.Release|x64.ActiveCfg = Release|iPhone
		{7D8F249B-6D87-4C6B-B4D3-FDDAA53855B9}.Release|x86.ActiveCfg = Release|iPhone
		{804F3F6B-76DE-4E77-B378-A9E758A5A24A}.Ad-Hoc|Any CPU.ActiveCfg = Release|x86
		{804F3F6B-76DE-4E77-B378-A9E758A5A24A}.Ad-Hoc|Any CPU.Build.0 = Release|x86
		{804F3F6B-76DE-4E77-B378-A9E758A5A24A}.Ad-Hoc|Any CPU.Deploy.0 = Release|x86
		{804F3F6B-76DE-4E77-B378-A9E758A5A24A}.Ad-Hoc|ARM.ActiveCfg = Release|ARM
		{804F3F6B-76DE-4E77-B378-A9E758A5A24A}.Ad-Hoc|ARM.Build.0 = Release|ARM
		{804F3F6B-76DE-4E77-B378-A9E758A5A24A}.Ad-Hoc|ARM.Deploy.0 = Release|ARM
		{804F3F6B-76DE-4E77-B378-A9E758A5A24A}.Ad-Hoc|iPhone.ActiveCfg = Release|x86
		{804F3F6B-76DE-4E77-B378-A9E758A5A24A}.Ad-Hoc|iPhone.Build.0 = Release|x86
		{804F3F6B-76DE-4E77-B378-A9E758A5A24A}.Ad-Hoc|iPhone.Deploy.0 = Release|x86
		{804F3F6B-76DE-4E77-B378-A9E758A5A24A}.Ad-Hoc|iPhoneSimulator.ActiveCfg = Release|x86
		{804F3F6B-76DE-4E77-B378-A9E758A5A24A}.Ad-Hoc|iPhoneSimulator.Build.0 = Release|x86
		{804F3F6B-76DE-4E77-B378-A9E758A5A24A}.Ad-Hoc|iPhoneSimulator.Deploy.0 = Release|x86
		{804F3F6B-76DE-4E77-B378-A9E758A5A24A}.Ad-Hoc|x64.ActiveCfg = Release|x64
		{804F3F6B-76DE-4E77-B378-A9E758A5A24A}.Ad-Hoc|x64.Build.0 = Release|x64
		{804F3F6B-76DE-4E77-B378-A9E758A5A24A}.Ad-Hoc|x64.Deploy.0 = Release|x64
		{804F3F6B-76DE-4E77-B378-A9E758A5A24A}.Ad-Hoc|x86.ActiveCfg = Release|x86
		{804F3F6B-76DE-4E77-B378-A9E758A5A24A}.Ad-Hoc|x86.Build.0 = Release|x86
		{804F3F6B-76DE-4E77-B378-A9E758A5A24A}.Ad-Hoc|x86.Deploy.0 = Release|x86
		{804F3F6B-76DE-4E77-B378-A9E758A5A24A}.AppStore|Any CPU.ActiveCfg = Release|x86
		{804F3F6B-76DE-4E77-B378-A9E758A5A24A}.AppStore|Any CPU.Build.0 = Release|x86
		{804F3F6B-76DE-4E77-B378-A9E758A5A24A}.AppStore|Any CPU.Deploy.0 = Release|x86
		{804F3F6B-76DE-4E77-B378-A9E758A5A24A}.AppStore|ARM.ActiveCfg = Release|ARM
		{804F3F6B-76DE-4E77-B378-A9E758A5A24A}.AppStore|ARM.Build.0 = Release|ARM
		{804F3F6B-76DE-4E77-B378-A9E758A5A24A}.AppStore|ARM.Deploy.0 = Release|ARM
		{804F3F6B-76DE-4E77-B378-A9E758A5A24A}.AppStore|iPhone.ActiveCfg = Release|x86
		{804F3F6B-76DE-4E77-B378-A9E758A5A24A}.AppStore|iPhone.Build.0 = Release|x86
		{804F3F6B-76DE-4E77-B378-A9E758A5A24A}.AppStore|iPhone.Deploy.0 = Release|x86
		{804F3F6B-76DE-4E77-B378-A9E758A5A24A}.AppStore|iPhoneSimulator.ActiveCfg = Release|x86
		{804F3F6B-76DE-4E77-B378-A9E758A5A24A}.AppStore|iPhoneSimulator.Build.0 = Release|x86
		{804F3F6B-76DE-4E77-B378-A9E758A5A24A}.AppStore|iPhoneSimulator.Deploy.0 = Release|x86
		{804F3F6B-76DE-4E77-B378-A9E758A5A24A}.AppStore|x64.ActiveCfg = Release|x64
		{804F3F6B-76DE-4E77-B378-A9E758A5A24A}.AppStore|x64.Build.0 = Release|x64
		{804F3F6B-76DE-4E77-B378-A9E758A5A24A}.AppStore|x64.Deploy.0 = Release|x64
		{804F3F6B-76DE-4E77-B378-A9E758A5A24A}.AppStore|x86.ActiveCfg = Release|x86
		{804F3F6B-76DE-4E77-B378-A9E758A5A24A}.AppStore|x86.Build.0 = Release|x86
		{804F3F6B-76DE-4E77-B378-A9E758A5A24A}.AppStore|x86.Deploy.0 = Release|x86
		{804F3F6B-76DE-4E77-B378-A9E758A5A24A}.Debug|Any CPU.ActiveCfg = Debug|x86
		{804F3F6B-76DE-4E77-B378-A9E758A5A24A}.Debug|ARM.ActiveCfg = Debug|ARM
		{804F3F6B-76DE-4E77-B378-A9E758A5A24A}.Debug|ARM.Build.0 = Debug|ARM
		{804F3F6B-76DE-4E77-B378-A9E758A5A24A}.Debug|ARM.Deploy.0 = Debug|ARM
		{804F3F6B-76DE-4E77-B378-A9E758A5A24A}.Debug|iPhone.ActiveCfg = Debug|x86
		{804F3F6B-76DE-4E77-B378-A9E758A5A24A}.Debug|iPhoneSimulator.ActiveCfg = Debug|x86
		{804F3F6B-76DE-4E77-B378-A9E758A5A24A}.Debug|x64.ActiveCfg = Debug|x64
		{804F3F6B-76DE-4E77-B378-A9E758A5A24A}.Debug|x64.Build.0 = Debug|x64
		{804F3F6B-76DE-4E77-B378-A9E758A5A24A}.Debug|x64.Deploy.0 = Debug|x64
		{804F3F6B-76DE-4E77-B378-A9E758A5A24A}.Debug|x86.ActiveCfg = Debug|x86
		{804F3F6B-76DE-4E77-B378-A9E758A5A24A}.Debug|x86.Build.0 = Debug|x86
		{804F3F6B-76DE-4E77-B378-A9E758A5A24A}.Debug|x86.Deploy.0 = Debug|x86
		{804F3F6B-76DE-4E77-B378-A9E758A5A24A}.Release|Any CPU.ActiveCfg = Release|x86
		{804F3F6B-76DE-4E77-B378-A9E758A5A24A}.Release|ARM.ActiveCfg = Release|ARM
		{804F3F6B-76DE-4E77-B378-A9E758A5A24A}.Release|ARM.Build.0 = Release|ARM
		{804F3F6B-76DE-4E77-B378-A9E758A5A24A}.Release|ARM.Deploy.0 = Release|ARM
		{804F3F6B-76DE-4E77-B378-A9E758A5A24A}.Release|iPhone.ActiveCfg = Release|x86
		{804F3F6B-76DE-4E77-B378-A9E758A5A24A}.Release|iPhoneSimulator.ActiveCfg = Release|x86
		{804F3F6B-76DE-4E77-B378-A9E758A5A24A}.Release|x64.ActiveCfg = Release|x64
		{804F3F6B-76DE-4E77-B378-A9E758A5A24A}.Release|x64.Build.0 = Release|x64
		{804F3F6B-76DE-4E77-B378-A9E758A5A24A}.Release|x64.Deploy.0 = Release|x64
		{804F3F6B-76DE-4E77-B378-A9E758A5A24A}.Release|x86.ActiveCfg = Release|x86
		{804F3F6B-76DE-4E77-B378-A9E758A5A24A}.Release|x86.Build.0 = Release|x86
		{804F3F6B-76DE-4E77-B378-A9E758A5A24A}.Release|x86.Deploy.0 = Release|x86
		{E06493B0-70A5-4B49-888F-7E8D97B18325}.Ad-Hoc|Any CPU.ActiveCfg = Debug|Any CPU
		{E06493B0-70A5-4B49-888F-7E8D97B18325}.Ad-Hoc|Any CPU.Build.0 = Debug|Any CPU
		{E06493B0-70A5-4B49-888F-7E8D97B18325}.Ad-Hoc|ARM.ActiveCfg = Debug|Any CPU
		{E06493B0-70A5-4B49-888F-7E8D97B18325}.Ad-Hoc|ARM.Build.0 = Debug|Any CPU
		{E06493B0-70A5-4B49-888F-7E8D97B18325}.Ad-Hoc|iPhone.ActiveCfg = Debug|Any CPU
		{E06493B0-70A5-4B49-888F-7E8D97B18325}.Ad-Hoc|iPhone.Build.0 = Debug|Any CPU
		{E06493B0-70A5-4B49-888F-7E8D97B18325}.Ad-Hoc|iPhoneSimulator.ActiveCfg = Debug|Any CPU
		{E06493B0-70A5-4B49-888F-7E8D97B18325}.Ad-Hoc|iPhoneSimulator.Build.0 = Debug|Any CPU
		{E06493B0-70A5-4B49-888F-7E8D97B18325}.Ad-Hoc|x64.ActiveCfg = Debug|Any CPU
		{E06493B0-70A5-4B49-888F-7E8D97B18325}.Ad-Hoc|x64.Build.0 = Debug|Any CPU
		{E06493B0-70A5-4B49-888F-7E8D97B18325}.Ad-Hoc|x86.ActiveCfg = Debug|Any CPU
		{E06493B0-70A5-4B49-888F-7E8D97B18325}.Ad-Hoc|x86.Build.0 = Debug|Any CPU
		{E06493B0-70A5-4B49-888F-7E8D97B18325}.AppStore|Any CPU.ActiveCfg = Debug|Any CPU
		{E06493B0-70A5-4B49-888F-7E8D97B18325}.AppStore|Any CPU.Build.0 = Debug|Any CPU
		{E06493B0-70A5-4B49-888F-7E8D97B18325}.AppStore|ARM.ActiveCfg = Debug|Any CPU
		{E06493B0-70A5-4B49-888F-7E8D97B18325}.AppStore|ARM.Build.0 = Debug|Any CPU
		{E06493B0-70A5-4B49-888F-7E8D97B18325}.AppStore|iPhone.ActiveCfg = Debug|Any CPU
		{E06493B0-70A5-4B49-888F-7E8D97B18325}.AppStore|iPhone.Build.0 = Debug|Any CPU
		{E06493B0-70A5-4B49-888F-7E8D97B18325}.AppStore|iPhoneSimulator.ActiveCfg = Debug|Any CPU
		{E06493B0-70A5-4B49-888F-7E8D97B18325}.AppStore|iPhoneSimulator.Build.0 = Debug|Any CPU
		{E06493B0-70A5-4B49-888F-7E8D97B18325}.AppStore|x64.ActiveCfg = Debug|Any CPU
		{E06493B0-70A5-4B49-888F-7E8D97B18325}.AppStore|x64.Build.0 = Debug|Any CPU
		{E06493B0-70A5-4B49-888F-7E8D97B18325}.AppStore|x86.ActiveCfg = Debug|Any CPU
		{E06493B0-70A5-4B49-888F-7E8D97B18325}.AppStore|x86.Build.0 = Debug|Any CPU
		{E06493B0-70A5-4B49-888F-7E8D97B18325}.Debug|Any CPU.ActiveCfg = Debug|Any CPU
		{E06493B0-70A5-4B49-888F-7E8D97B18325}.Debug|Any CPU.Build.0 = Debug|Any CPU
		{E06493B0-70A5-4B49-888F-7E8D97B18325}.Debug|ARM.ActiveCfg = Debug|Any CPU
		{E06493B0-70A5-4B49-888F-7E8D97B18325}.Debug|ARM.Build.0 = Debug|Any CPU
		{E06493B0-70A5-4B49-888F-7E8D97B18325}.Debug|iPhone.ActiveCfg = Debug|Any CPU
		{E06493B0-70A5-4B49-888F-7E8D97B18325}.Debug|iPhone.Build.0 = Debug|Any CPU
		{E06493B0-70A5-4B49-888F-7E8D97B18325}.Debug|iPhoneSimulator.ActiveCfg = Debug|Any CPU
		{E06493B0-70A5-4B49-888F-7E8D97B18325}.Debug|iPhoneSimulator.Build.0 = Debug|Any CPU
		{E06493B0-70A5-4B49-888F-7E8D97B18325}.Debug|x64.ActiveCfg = Debug|Any CPU
		{E06493B0-70A5-4B49-888F-7E8D97B18325}.Debug|x64.Build.0 = Debug|Any CPU
		{E06493B0-70A5-4B49-888F-7E8D97B18325}.Debug|x86.ActiveCfg = Debug|Any CPU
		{E06493B0-70A5-4B49-888F-7E8D97B18325}.Debug|x86.Build.0 = Debug|Any CPU
		{E06493B0-70A5-4B49-888F-7E8D97B18325}.Release|Any CPU.ActiveCfg = Release|Any CPU
		{E06493B0-70A5-4B49-888F-7E8D97B18325}.Release|Any CPU.Build.0 = Release|Any CPU
		{E06493B0-70A5-4B49-888F-7E8D97B18325}.Release|ARM.ActiveCfg = Release|Any CPU
		{E06493B0-70A5-4B49-888F-7E8D97B18325}.Release|ARM.Build.0 = Release|Any CPU
		{E06493B0-70A5-4B49-888F-7E8D97B18325}.Release|iPhone.ActiveCfg = Release|Any CPU
		{E06493B0-70A5-4B49-888F-7E8D97B18325}.Release|iPhone.Build.0 = Release|Any CPU
		{E06493B0-70A5-4B49-888F-7E8D97B18325}.Release|iPhoneSimulator.ActiveCfg = Release|Any CPU
		{E06493B0-70A5-4B49-888F-7E8D97B18325}.Release|iPhoneSimulator.Build.0 = Release|Any CPU
		{E06493B0-70A5-4B49-888F-7E8D97B18325}.Release|x64.ActiveCfg = Release|Any CPU
		{E06493B0-70A5-4B49-888F-7E8D97B18325}.Release|x64.Build.0 = Release|Any CPU
		{E06493B0-70A5-4B49-888F-7E8D97B18325}.Release|x86.ActiveCfg = Release|Any CPU
		{E06493B0-70A5-4B49-888F-7E8D97B18325}.Release|x86.Build.0 = Release|Any CPU
		{469A3BA4-CCBE-4786-B078-50220FCC776E}.Ad-Hoc|Any CPU.ActiveCfg = Release|Any CPU
		{469A3BA4-CCBE-4786-B078-50220FCC776E}.Ad-Hoc|Any CPU.Build.0 = Release|Any CPU
		{469A3BA4-CCBE-4786-B078-50220FCC776E}.Ad-Hoc|ARM.ActiveCfg = Release|Any CPU
		{469A3BA4-CCBE-4786-B078-50220FCC776E}.Ad-Hoc|ARM.Build.0 = Release|Any CPU
		{469A3BA4-CCBE-4786-B078-50220FCC776E}.Ad-Hoc|iPhone.ActiveCfg = Release|Any CPU
		{469A3BA4-CCBE-4786-B078-50220FCC776E}.Ad-Hoc|iPhone.Build.0 = Release|Any CPU
		{469A3BA4-CCBE-4786-B078-50220FCC776E}.Ad-Hoc|iPhoneSimulator.ActiveCfg = Release|Any CPU
		{469A3BA4-CCBE-4786-B078-50220FCC776E}.Ad-Hoc|iPhoneSimulator.Build.0 = Release|Any CPU
		{469A3BA4-CCBE-4786-B078-50220FCC776E}.Ad-Hoc|x64.ActiveCfg = Release|Any CPU
		{469A3BA4-CCBE-4786-B078-50220FCC776E}.Ad-Hoc|x64.Build.0 = Release|Any CPU
		{469A3BA4-CCBE-4786-B078-50220FCC776E}.Ad-Hoc|x86.ActiveCfg = Release|Any CPU
		{469A3BA4-CCBE-4786-B078-50220FCC776E}.Ad-Hoc|x86.Build.0 = Release|Any CPU
		{469A3BA4-CCBE-4786-B078-50220FCC776E}.AppStore|Any CPU.ActiveCfg = Release|Any CPU
		{469A3BA4-CCBE-4786-B078-50220FCC776E}.AppStore|Any CPU.Build.0 = Release|Any CPU
		{469A3BA4-CCBE-4786-B078-50220FCC776E}.AppStore|ARM.ActiveCfg = Release|Any CPU
		{469A3BA4-CCBE-4786-B078-50220FCC776E}.AppStore|ARM.Build.0 = Release|Any CPU
		{469A3BA4-CCBE-4786-B078-50220FCC776E}.AppStore|iPhone.ActiveCfg = Release|Any CPU
		{469A3BA4-CCBE-4786-B078-50220FCC776E}.AppStore|iPhone.Build.0 = Release|Any CPU
		{469A3BA4-CCBE-4786-B078-50220FCC776E}.AppStore|iPhoneSimulator.ActiveCfg = Release|Any CPU
		{469A3BA4-CCBE-4786-B078-50220FCC776E}.AppStore|iPhoneSimulator.Build.0 = Release|Any CPU
		{469A3BA4-CCBE-4786-B078-50220FCC776E}.AppStore|x64.ActiveCfg = Release|Any CPU
		{469A3BA4-CCBE-4786-B078-50220FCC776E}.AppStore|x64.Build.0 = Release|Any CPU
		{469A3BA4-CCBE-4786-B078-50220FCC776E}.AppStore|x86.ActiveCfg = Release|Any CPU
		{469A3BA4-CCBE-4786-B078-50220FCC776E}.AppStore|x86.Build.0 = Release|Any CPU
		{469A3BA4-CCBE-4786-B078-50220FCC776E}.Debug|Any CPU.ActiveCfg = Debug|Any CPU
		{469A3BA4-CCBE-4786-B078-50220FCC776E}.Debug|Any CPU.Build.0 = Debug|Any CPU
		{469A3BA4-CCBE-4786-B078-50220FCC776E}.Debug|ARM.ActiveCfg = Debug|Any CPU
		{469A3BA4-CCBE-4786-B078-50220FCC776E}.Debug|ARM.Build.0 = Debug|Any CPU
		{469A3BA4-CCBE-4786-B078-50220FCC776E}.Debug|iPhone.ActiveCfg = Debug|Any CPU
		{469A3BA4-CCBE-4786-B078-50220FCC776E}.Debug|iPhone.Build.0 = Debug|Any CPU
		{469A3BA4-CCBE-4786-B078-50220FCC776E}.Debug|iPhoneSimulator.ActiveCfg = Debug|Any CPU
		{469A3BA4-CCBE-4786-B078-50220FCC776E}.Debug|iPhoneSimulator.Build.0 = Debug|Any CPU
		{469A3BA4-CCBE-4786-B078-50220FCC776E}.Debug|x64.ActiveCfg = Debug|Any CPU
		{469A3BA4-CCBE-4786-B078-50220FCC776E}.Debug|x64.Build.0 = Debug|Any CPU
		{469A3BA4-CCBE-4786-B078-50220FCC776E}.Debug|x86.ActiveCfg = Debug|Any CPU
		{469A3BA4-CCBE-4786-B078-50220FCC776E}.Debug|x86.Build.0 = Debug|Any CPU
		{469A3BA4-CCBE-4786-B078-50220FCC776E}.Release|Any CPU.ActiveCfg = Release|Any CPU
		{469A3BA4-CCBE-4786-B078-50220FCC776E}.Release|Any CPU.Build.0 = Release|Any CPU
		{469A3BA4-CCBE-4786-B078-50220FCC776E}.Release|ARM.ActiveCfg = Release|Any CPU
		{469A3BA4-CCBE-4786-B078-50220FCC776E}.Release|ARM.Build.0 = Release|Any CPU
		{469A3BA4-CCBE-4786-B078-50220FCC776E}.Release|iPhone.ActiveCfg = Release|Any CPU
		{469A3BA4-CCBE-4786-B078-50220FCC776E}.Release|iPhone.Build.0 = Release|Any CPU
		{469A3BA4-CCBE-4786-B078-50220FCC776E}.Release|iPhoneSimulator.ActiveCfg = Release|Any CPU
		{469A3BA4-CCBE-4786-B078-50220FCC776E}.Release|iPhoneSimulator.Build.0 = Release|Any CPU
		{469A3BA4-CCBE-4786-B078-50220FCC776E}.Release|x64.ActiveCfg = Release|Any CPU
		{469A3BA4-CCBE-4786-B078-50220FCC776E}.Release|x64.Build.0 = Release|Any CPU
		{469A3BA4-CCBE-4786-B078-50220FCC776E}.Release|x86.ActiveCfg = Release|Any CPU
		{469A3BA4-CCBE-4786-B078-50220FCC776E}.Release|x86.Build.0 = Release|Any CPU
		{66B4676B-9BD7-475E-8B26-F4E1866F67CD}.Ad-Hoc|Any CPU.ActiveCfg = Release|Any CPU
		{66B4676B-9BD7-475E-8B26-F4E1866F67CD}.Ad-Hoc|Any CPU.Build.0 = Release|Any CPU
		{66B4676B-9BD7-475E-8B26-F4E1866F67CD}.Ad-Hoc|ARM.ActiveCfg = Release|Any CPU
		{66B4676B-9BD7-475E-8B26-F4E1866F67CD}.Ad-Hoc|ARM.Build.0 = Release|Any CPU
		{66B4676B-9BD7-475E-8B26-F4E1866F67CD}.Ad-Hoc|iPhone.ActiveCfg = Release|Any CPU
		{66B4676B-9BD7-475E-8B26-F4E1866F67CD}.Ad-Hoc|iPhone.Build.0 = Release|Any CPU
		{66B4676B-9BD7-475E-8B26-F4E1866F67CD}.Ad-Hoc|iPhoneSimulator.ActiveCfg = Release|Any CPU
		{66B4676B-9BD7-475E-8B26-F4E1866F67CD}.Ad-Hoc|iPhoneSimulator.Build.0 = Release|Any CPU
		{66B4676B-9BD7-475E-8B26-F4E1866F67CD}.Ad-Hoc|x64.ActiveCfg = Release|Any CPU
		{66B4676B-9BD7-475E-8B26-F4E1866F67CD}.Ad-Hoc|x64.Build.0 = Release|Any CPU
		{66B4676B-9BD7-475E-8B26-F4E1866F67CD}.Ad-Hoc|x86.ActiveCfg = Release|Any CPU
		{66B4676B-9BD7-475E-8B26-F4E1866F67CD}.Ad-Hoc|x86.Build.0 = Release|Any CPU
		{66B4676B-9BD7-475E-8B26-F4E1866F67CD}.AppStore|Any CPU.ActiveCfg = Release|Any CPU
		{66B4676B-9BD7-475E-8B26-F4E1866F67CD}.AppStore|Any CPU.Build.0 = Release|Any CPU
		{66B4676B-9BD7-475E-8B26-F4E1866F67CD}.AppStore|ARM.ActiveCfg = Release|Any CPU
		{66B4676B-9BD7-475E-8B26-F4E1866F67CD}.AppStore|ARM.Build.0 = Release|Any CPU
		{66B4676B-9BD7-475E-8B26-F4E1866F67CD}.AppStore|iPhone.ActiveCfg = Release|Any CPU
		{66B4676B-9BD7-475E-8B26-F4E1866F67CD}.AppStore|iPhone.Build.0 = Release|Any CPU
		{66B4676B-9BD7-475E-8B26-F4E1866F67CD}.AppStore|iPhoneSimulator.ActiveCfg = Release|Any CPU
		{66B4676B-9BD7-475E-8B26-F4E1866F67CD}.AppStore|iPhoneSimulator.Build.0 = Release|Any CPU
		{66B4676B-9BD7-475E-8B26-F4E1866F67CD}.AppStore|x64.ActiveCfg = Release|Any CPU
		{66B4676B-9BD7-475E-8B26-F4E1866F67CD}.AppStore|x64.Build.0 = Release|Any CPU
		{66B4676B-9BD7-475E-8B26-F4E1866F67CD}.AppStore|x86.ActiveCfg = Release|Any CPU
		{66B4676B-9BD7-475E-8B26-F4E1866F67CD}.AppStore|x86.Build.0 = Release|Any CPU
		{66B4676B-9BD7-475E-8B26-F4E1866F67CD}.Debug|Any CPU.ActiveCfg = Debug|Any CPU
		{66B4676B-9BD7-475E-8B26-F4E1866F67CD}.Debug|Any CPU.Build.0 = Debug|Any CPU
		{66B4676B-9BD7-475E-8B26-F4E1866F67CD}.Debug|ARM.ActiveCfg = Debug|Any CPU
		{66B4676B-9BD7-475E-8B26-F4E1866F67CD}.Debug|ARM.Build.0 = Debug|Any CPU
		{66B4676B-9BD7-475E-8B26-F4E1866F67CD}.Debug|iPhone.ActiveCfg = Debug|Any CPU
		{66B4676B-9BD7-475E-8B26-F4E1866F67CD}.Debug|iPhone.Build.0 = Debug|Any CPU
		{66B4676B-9BD7-475E-8B26-F4E1866F67CD}.Debug|iPhoneSimulator.ActiveCfg = Debug|Any CPU
		{66B4676B-9BD7-475E-8B26-F4E1866F67CD}.Debug|iPhoneSimulator.Build.0 = Debug|Any CPU
		{66B4676B-9BD7-475E-8B26-F4E1866F67CD}.Debug|x64.ActiveCfg = Debug|Any CPU
		{66B4676B-9BD7-475E-8B26-F4E1866F67CD}.Debug|x64.Build.0 = Debug|Any CPU
		{66B4676B-9BD7-475E-8B26-F4E1866F67CD}.Debug|x86.ActiveCfg = Debug|Any CPU
		{66B4676B-9BD7-475E-8B26-F4E1866F67CD}.Debug|x86.Build.0 = Debug|Any CPU
		{66B4676B-9BD7-475E-8B26-F4E1866F67CD}.Release|Any CPU.ActiveCfg = Release|Any CPU
		{66B4676B-9BD7-475E-8B26-F4E1866F67CD}.Release|Any CPU.Build.0 = Release|Any CPU
		{66B4676B-9BD7-475E-8B26-F4E1866F67CD}.Release|ARM.ActiveCfg = Release|Any CPU
		{66B4676B-9BD7-475E-8B26-F4E1866F67CD}.Release|ARM.Build.0 = Release|Any CPU
		{66B4676B-9BD7-475E-8B26-F4E1866F67CD}.Release|iPhone.ActiveCfg = Release|Any CPU
		{66B4676B-9BD7-475E-8B26-F4E1866F67CD}.Release|iPhone.Build.0 = Release|Any CPU
		{66B4676B-9BD7-475E-8B26-F4E1866F67CD}.Release|iPhoneSimulator.ActiveCfg = Release|Any CPU
		{66B4676B-9BD7-475E-8B26-F4E1866F67CD}.Release|iPhoneSimulator.Build.0 = Release|Any CPU
		{66B4676B-9BD7-475E-8B26-F4E1866F67CD}.Release|x64.ActiveCfg = Release|Any CPU
		{66B4676B-9BD7-475E-8B26-F4E1866F67CD}.Release|x64.Build.0 = Release|Any CPU
		{66B4676B-9BD7-475E-8B26-F4E1866F67CD}.Release|x86.ActiveCfg = Release|Any CPU
		{66B4676B-9BD7-475E-8B26-F4E1866F67CD}.Release|x86.Build.0 = Release|Any CPU
		{38E2BD9B-E4E3-4D5D-B530-6FABD6D0078C}.Ad-Hoc|Any CPU.ActiveCfg = Release|Any CPU
		{38E2BD9B-E4E3-4D5D-B530-6FABD6D0078C}.Ad-Hoc|Any CPU.Build.0 = Release|Any CPU
		{38E2BD9B-E4E3-4D5D-B530-6FABD6D0078C}.Ad-Hoc|ARM.ActiveCfg = Release|Any CPU
		{38E2BD9B-E4E3-4D5D-B530-6FABD6D0078C}.Ad-Hoc|ARM.Build.0 = Release|Any CPU
		{38E2BD9B-E4E3-4D5D-B530-6FABD6D0078C}.Ad-Hoc|iPhone.ActiveCfg = Release|Any CPU
		{38E2BD9B-E4E3-4D5D-B530-6FABD6D0078C}.Ad-Hoc|iPhone.Build.0 = Release|Any CPU
		{38E2BD9B-E4E3-4D5D-B530-6FABD6D0078C}.Ad-Hoc|iPhoneSimulator.ActiveCfg = Release|Any CPU
		{38E2BD9B-E4E3-4D5D-B530-6FABD6D0078C}.Ad-Hoc|iPhoneSimulator.Build.0 = Release|Any CPU
		{38E2BD9B-E4E3-4D5D-B530-6FABD6D0078C}.Ad-Hoc|x64.ActiveCfg = Release|Any CPU
		{38E2BD9B-E4E3-4D5D-B530-6FABD6D0078C}.Ad-Hoc|x64.Build.0 = Release|Any CPU
		{38E2BD9B-E4E3-4D5D-B530-6FABD6D0078C}.Ad-Hoc|x86.ActiveCfg = Release|Any CPU
		{38E2BD9B-E4E3-4D5D-B530-6FABD6D0078C}.Ad-Hoc|x86.Build.0 = Release|Any CPU
		{38E2BD9B-E4E3-4D5D-B530-6FABD6D0078C}.AppStore|Any CPU.ActiveCfg = Release|Any CPU
		{38E2BD9B-E4E3-4D5D-B530-6FABD6D0078C}.AppStore|Any CPU.Build.0 = Release|Any CPU
		{38E2BD9B-E4E3-4D5D-B530-6FABD6D0078C}.AppStore|ARM.ActiveCfg = Release|Any CPU
		{38E2BD9B-E4E3-4D5D-B530-6FABD6D0078C}.AppStore|ARM.Build.0 = Release|Any CPU
		{38E2BD9B-E4E3-4D5D-B530-6FABD6D0078C}.AppStore|iPhone.ActiveCfg = Release|Any CPU
		{38E2BD9B-E4E3-4D5D-B530-6FABD6D0078C}.AppStore|iPhone.Build.0 = Release|Any CPU
		{38E2BD9B-E4E3-4D5D-B530-6FABD6D0078C}.AppStore|iPhoneSimulator.ActiveCfg = Release|Any CPU
		{38E2BD9B-E4E3-4D5D-B530-6FABD6D0078C}.AppStore|iPhoneSimulator.Build.0 = Release|Any CPU
		{38E2BD9B-E4E3-4D5D-B530-6FABD6D0078C}.AppStore|x64.ActiveCfg = Release|Any CPU
		{38E2BD9B-E4E3-4D5D-B530-6FABD6D0078C}.AppStore|x64.Build.0 = Release|Any CPU
		{38E2BD9B-E4E3-4D5D-B530-6FABD6D0078C}.AppStore|x86.ActiveCfg = Release|Any CPU
		{38E2BD9B-E4E3-4D5D-B530-6FABD6D0078C}.AppStore|x86.Build.0 = Release|Any CPU
		{38E2BD9B-E4E3-4D5D-B530-6FABD6D0078C}.Debug|Any CPU.ActiveCfg = Debug|Any CPU
		{38E2BD9B-E4E3-4D5D-B530-6FABD6D0078C}.Debug|Any CPU.Build.0 = Debug|Any CPU
		{38E2BD9B-E4E3-4D5D-B530-6FABD6D0078C}.Debug|ARM.ActiveCfg = Debug|Any CPU
		{38E2BD9B-E4E3-4D5D-B530-6FABD6D0078C}.Debug|ARM.Build.0 = Debug|Any CPU
		{38E2BD9B-E4E3-4D5D-B530-6FABD6D0078C}.Debug|iPhone.ActiveCfg = Debug|Any CPU
		{38E2BD9B-E4E3-4D5D-B530-6FABD6D0078C}.Debug|iPhone.Build.0 = Debug|Any CPU
		{38E2BD9B-E4E3-4D5D-B530-6FABD6D0078C}.Debug|iPhoneSimulator.ActiveCfg = Debug|Any CPU
		{38E2BD9B-E4E3-4D5D-B530-6FABD6D0078C}.Debug|iPhoneSimulator.Build.0 = Debug|Any CPU
		{38E2BD9B-E4E3-4D5D-B530-6FABD6D0078C}.Debug|x64.ActiveCfg = Debug|Any CPU
		{38E2BD9B-E4E3-4D5D-B530-6FABD6D0078C}.Debug|x64.Build.0 = Debug|Any CPU
		{38E2BD9B-E4E3-4D5D-B530-6FABD6D0078C}.Debug|x86.ActiveCfg = Debug|Any CPU
		{38E2BD9B-E4E3-4D5D-B530-6FABD6D0078C}.Debug|x86.Build.0 = Debug|Any CPU
		{38E2BD9B-E4E3-4D5D-B530-6FABD6D0078C}.Release|Any CPU.ActiveCfg = Release|Any CPU
		{38E2BD9B-E4E3-4D5D-B530-6FABD6D0078C}.Release|Any CPU.Build.0 = Release|Any CPU
		{38E2BD9B-E4E3-4D5D-B530-6FABD6D0078C}.Release|ARM.ActiveCfg = Release|Any CPU
		{38E2BD9B-E4E3-4D5D-B530-6FABD6D0078C}.Release|ARM.Build.0 = Release|Any CPU
		{38E2BD9B-E4E3-4D5D-B530-6FABD6D0078C}.Release|iPhone.ActiveCfg = Release|Any CPU
		{38E2BD9B-E4E3-4D5D-B530-6FABD6D0078C}.Release|iPhone.Build.0 = Release|Any CPU
		{38E2BD9B-E4E3-4D5D-B530-6FABD6D0078C}.Release|iPhoneSimulator.ActiveCfg = Release|Any CPU
		{38E2BD9B-E4E3-4D5D-B530-6FABD6D0078C}.Release|iPhoneSimulator.Build.0 = Release|Any CPU
		{38E2BD9B-E4E3-4D5D-B530-6FABD6D0078C}.Release|x64.ActiveCfg = Release|Any CPU
		{38E2BD9B-E4E3-4D5D-B530-6FABD6D0078C}.Release|x64.Build.0 = Release|Any CPU
		{38E2BD9B-E4E3-4D5D-B530-6FABD6D0078C}.Release|x86.ActiveCfg = Release|Any CPU
		{38E2BD9B-E4E3-4D5D-B530-6FABD6D0078C}.Release|x86.Build.0 = Release|Any CPU
	EndGlobalSection
	GlobalSection(SolutionProperties) = preSolution
		HideSolutionNode = FALSE
	EndGlobalSection
	GlobalSection(NestedProjects) = preSolution
		{469A3BA4-CCBE-4786-B078-50220FCC776E} = {7DDF3155-D3A2-4DAC-806B-B7AB7704C1D4}
		{66B4676B-9BD7-475E-8B26-F4E1866F67CD} = {7DDF3155-D3A2-4DAC-806B-B7AB7704C1D4}
		{38E2BD9B-E4E3-4D5D-B530-6FABD6D0078C} = {7DDF3155-D3A2-4DAC-806B-B7AB7704C1D4}
	EndGlobalSection
	GlobalSection(ExtensibilityGlobals) = postSolution
		SolutionGuid = {CBB944E6-1EDA-4C26-ACA2-B2A976EEF82D}
	EndGlobalSection
EndGlobal
